// !$*UTF8*$!
{
	archiveVersion = 1;
	classes = {
	};
	objectVersion = 46;
	objects = {

/* Begin PBXBuildFile section */
		102D2F041E48EA79004A2C8F /* DetailViewController.swift in Sources */ = {isa = PBXBuildFile; fileRef = 102D2F031E48EA79004A2C8F /* DetailViewController.swift */; };
		10E874381E4061AD005B324F /* AppDelegate.swift in Sources */ = {isa = PBXBuildFile; fileRef = 10E874371E4061AD005B324F /* AppDelegate.swift */; };
		10E8743D1E4061AD005B324F /* Main.storyboard in Resources */ = {isa = PBXBuildFile; fileRef = 10E8743B1E4061AD005B324F /* Main.storyboard */; };
		10E8743F1E4061AD005B324F /* Assets.xcassets in Resources */ = {isa = PBXBuildFile; fileRef = 10E8743E1E4061AD005B324F /* Assets.xcassets */; };
		10E874421E4061AD005B324F /* LaunchScreen.storyboard in Resources */ = {isa = PBXBuildFile; fileRef = 10E874401E4061AD005B324F /* LaunchScreen.storyboard */; };
		10E8744A1E4061CB005B324F /* MoviesViewController.swift in Sources */ = {isa = PBXBuildFile; fileRef = 10E874491E4061CB005B324F /* MoviesViewController.swift */; };
		10E8744C1E40688F005B324F /* MovieCell.swift in Sources */ = {isa = PBXBuildFile; fileRef = 10E8744B1E40688F005B324F /* MovieCell.swift */; };
		F304807864B35B5DBA892C4C /* Pods_codepath_1_movie_app.framework in Frameworks */ = {isa = PBXBuildFile; fileRef = A2C88F8D56C9EE15AF248DF1 /* Pods_codepath_1_movie_app.framework */; };
/* End PBXBuildFile section */

/* Begin PBXFileReference section */
		102D2F031E48EA79004A2C8F /* DetailViewController.swift */ = {isa = PBXFileReference; fileEncoding = 4; lastKnownFileType = sourcecode.swift; path = DetailViewController.swift; sourceTree = "<group>"; };
		10E874341E4061AD005B324F /* codepath-1-movie-app.app */ = {isa = PBXFileReference; explicitFileType = wrapper.application; includeInIndex = 0; path = "codepath-1-movie-app.app"; sourceTree = BUILT_PRODUCTS_DIR; };
		10E874371E4061AD005B324F /* AppDelegate.swift */ = {isa = PBXFileReference; lastKnownFileType = sourcecode.swift; path = AppDelegate.swift; sourceTree = "<group>"; };
		10E8743C1E4061AD005B324F /* Base */ = {isa = PBXFileReference; lastKnownFileType = file.storyboard; name = Base; path = Base.lproj/Main.storyboard; sourceTree = "<group>"; };
		10E8743E1E4061AD005B324F /* Assets.xcassets */ = {isa = PBXFileReference; lastKnownFileType = folder.assetcatalog; path = Assets.xcassets; sourceTree = "<group>"; };
		10E874411E4061AD005B324F /* Base */ = {isa = PBXFileReference; lastKnownFileType = file.storyboard; name = Base; path = Base.lproj/LaunchScreen.storyboard; sourceTree = "<group>"; };
		10E874431E4061AD005B324F /* Info.plist */ = {isa = PBXFileReference; lastKnownFileType = text.plist.xml; path = Info.plist; sourceTree = "<group>"; };
		10E874491E4061CB005B324F /* MoviesViewController.swift */ = {isa = PBXFileReference; fileEncoding = 4; lastKnownFileType = sourcecode.swift; path = MoviesViewController.swift; sourceTree = "<group>"; };
		10E8744B1E40688F005B324F /* MovieCell.swift */ = {isa = PBXFileReference; fileEncoding = 4; lastKnownFileType = sourcecode.swift; path = MovieCell.swift; sourceTree = "<group>"; };
		A2C88F8D56C9EE15AF248DF1 /* Pods_codepath_1_movie_app.framework */ = {isa = PBXFileReference; explicitFileType = wrapper.framework; includeInIndex = 0; path = Pods_codepath_1_movie_app.framework; sourceTree = BUILT_PRODUCTS_DIR; };
		BF5F46E15ED5D02C360674E6 /* Pods-codepath-1-movie-app.debug.xcconfig */ = {isa = PBXFileReference; includeInIndex = 1; lastKnownFileType = text.xcconfig; name = "Pods-codepath-1-movie-app.debug.xcconfig"; path = "Pods/Target Support Files/Pods-codepath-1-movie-app/Pods-codepath-1-movie-app.debug.xcconfig"; sourceTree = "<group>"; };
		F52929BF4182804D49BA56D6 /* Pods-codepath-1-movie-app.release.xcconfig */ = {isa = PBXFileReference; includeInIndex = 1; lastKnownFileType = text.xcconfig; name = "Pods-codepath-1-movie-app.release.xcconfig"; path = "Pods/Target Support Files/Pods-codepath-1-movie-app/Pods-codepath-1-movie-app.release.xcconfig"; sourceTree = "<group>"; };
/* End PBXFileReference section */

/* Begin PBXFrameworksBuildPhase section */
		10E874311E4061AC005B324F /* Frameworks */ = {
			isa = PBXFrameworksBuildPhase;
			buildActionMask = 2147483647;
			files = (
				F304807864B35B5DBA892C4C /* Pods_codepath_1_movie_app.framework in Frameworks */,
			);
			runOnlyForDeploymentPostprocessing = 0;
		};
/* End PBXFrameworksBuildPhase section */

/* Begin PBXGroup section */
		10E8742B1E4061AC005B324F = {
			isa = PBXGroup;
			children = (
				102D2F031E48EA79004A2C8F /* DetailViewController.swift */,
				10E874361E4061AD005B324F /* codepath-1-movie-app */,
				10E874351E4061AD005B324F /* Products */,
				C0934B184C83F4159187C951 /* Pods */,
				A746EBEE45187354DAD61B3C /* Frameworks */,
			);
			sourceTree = "<group>";
		};
		10E874351E4061AD005B324F /* Products */ = {
			isa = PBXGroup;
			children = (
				10E874341E4061AD005B324F /* codepath-1-movie-app.app */,
			);
			name = Products;
			sourceTree = "<group>";
		};
		10E874361E4061AD005B324F /* codepath-1-movie-app */ = {
			isa = PBXGroup;
			children = (
				10E8744E1E4068A3005B324F /* view-controllers */,
				10E8744D1E406899005B324F /* Views */,
				10E874371E4061AD005B324F /* AppDelegate.swift */,
				10E8743B1E4061AD005B324F /* Main.storyboard */,
				10E8743E1E4061AD005B324F /* Assets.xcassets */,
				10E874401E4061AD005B324F /* LaunchScreen.storyboard */,
				10E874431E4061AD005B324F /* Info.plist */,
			);
			path = "codepath-1-movie-app";
			sourceTree = "<group>";
		};
		10E8744D1E406899005B324F /* Views */ = {
			isa = PBXGroup;
			children = (
				10E8744B1E40688F005B324F /* MovieCell.swift */,
			);
			name = Views;
			sourceTree = "<group>";
		};
		10E8744E1E4068A3005B324F /* view-controllers */ = {
			isa = PBXGroup;
			children = (
				10E874491E4061CB005B324F /* MoviesViewController.swift */,
			);
			name = "view-controllers";
			sourceTree = "<group>";
		};
		A746EBEE45187354DAD61B3C /* Frameworks */ = {
			isa = PBXGroup;
			children = (
				A2C88F8D56C9EE15AF248DF1 /* Pods_codepath_1_movie_app.framework */,
			);
			name = Frameworks;
			sourceTree = "<group>";
		};
		C0934B184C83F4159187C951 /* Pods */ = {
			isa = PBXGroup;
			children = (
				BF5F46E15ED5D02C360674E6 /* Pods-codepath-1-movie-app.debug.xcconfig */,
				F52929BF4182804D49BA56D6 /* Pods-codepath-1-movie-app.release.xcconfig */,
			);
			name = Pods;
			sourceTree = "<group>";
		};
/* End PBXGroup section */

/* Begin PBXNativeTarget section */
		10E874331E4061AC005B324F /* codepath-1-movie-app */ = {
			isa = PBXNativeTarget;
			buildConfigurationList = 10E874461E4061AD005B324F /* Build configuration list for PBXNativeTarget "codepath-1-movie-app" */;
			buildPhases = (
				63C482DDCAF9DBAB162AD594 /* [CP] Check Pods Manifest.lock */,
				10E874301E4061AC005B324F /* Sources */,
				10E874311E4061AC005B324F /* Frameworks */,
				10E874321E4061AC005B324F /* Resources */,
				B4C1212A0F55498FD493F633 /* [CP] Embed Pods Frameworks */,
				F265DD4F5CBBB91517330A27 /* [CP] Copy Pods Resources */,
			);
			buildRules = (
			);
			dependencies = (
			);
			name = "codepath-1-movie-app";
			productName = "codepath-1-movie-app";
			productReference = 10E874341E4061AD005B324F /* codepath-1-movie-app.app */;
			productType = "com.apple.product-type.application";
		};
/* End PBXNativeTarget section */

/* Begin PBXProject section */
		10E8742C1E4061AC005B324F /* Project object */ = {
			isa = PBXProject;
			attributes = {
				LastSwiftUpdateCheck = 0820;
				LastUpgradeCheck = 0820;
				ORGANIZATIONNAME = "Diana C";
				TargetAttributes = {
					10E874331E4061AC005B324F = {
						CreatedOnToolsVersion = 8.2.1;
						ProvisioningStyle = Automatic;
					};
				};
			};
			buildConfigurationList = 10E8742F1E4061AC005B324F /* Build configuration list for PBXProject "codepath-1-movie-app" */;
			compatibilityVersion = "Xcode 3.2";
			developmentRegion = English;
			hasScannedForEncodings = 0;
			knownRegions = (
				en,
				Base,
			);
			mainGroup = 10E8742B1E4061AC005B324F;
			productRefGroup = 10E874351E4061AD005B324F /* Products */;
			projectDirPath = "";
			projectRoot = "";
			targets = (
				10E874331E4061AC005B324F /* codepath-1-movie-app */,
			);
		};
/* End PBXProject section */

/* Begin PBXResourcesBuildPhase section */
		10E874321E4061AC005B324F /* Resources */ = {
			isa = PBXResourcesBuildPhase;
			buildActionMask = 2147483647;
			files = (
				10E874421E4061AD005B324F /* LaunchScreen.storyboard in Resources */,
				10E8743F1E4061AD005B324F /* Assets.xcassets in Resources */,
				10E8743D1E4061AD005B324F /* Main.storyboard in Resources */,
			);
			runOnlyForDeploymentPostprocessing = 0;
		};
/* End PBXResourcesBuildPhase section */

/* Begin PBXShellScriptBuildPhase section */
		63C482DDCAF9DBAB162AD594 /* [CP] Check Pods Manifest.lock */ = {
			isa = PBXShellScriptBuildPhase;
			buildActionMask = 2147483647;
			files = (
			);
			inputPaths = (
			);
			name = "[CP] Check Pods Manifest.lock";
			outputPaths = (
			);
			runOnlyForDeploymentPostprocessing = 0;
			shellPath = /bin/sh;
			shellScript = "diff \"${PODS_ROOT}/../Podfile.lock\" \"${PODS_ROOT}/Manifest.lock\" > /dev/null\nif [ $? != 0 ] ; then\n    # print error to STDERR\n    echo \"error: The sandbox is not in sync with the Podfile.lock. Run 'pod install' or update your CocoaPods installation.\" >&2\n    exit 1\nfi\n";
			showEnvVarsInLog = 0;
		};
		B4C1212A0F55498FD493F633 /* [CP] Embed Pods Frameworks */ = {
			isa = PBXShellScriptBuildPhase;
			buildActionMask = 2147483647;
			files = (
			);
			inputPaths = (
			);
			name = "[CP] Embed Pods Frameworks";
			outputPaths = (
			);
			runOnlyForDeploymentPostprocessing = 0;
			shellPath = /bin/sh;
			shellScript = "\"${SRCROOT}/Pods/Target Support Files/Pods-codepath-1-movie-app/Pods-codepath-1-movie-app-frameworks.sh\"\n";
			showEnvVarsInLog = 0;
		};
		F265DD4F5CBBB91517330A27 /* [CP] Copy Pods Resources */ = {
			isa = PBXShellScriptBuildPhase;
			buildActionMask = 2147483647;
			files = (
			);
			inputPaths = (
			);
			name = "[CP] Copy Pods Resources";
			outputPaths = (
			);
			runOnlyForDeploymentPostprocessing = 0;
			shellPath = /bin/sh;
			shellScript = "\"${SRCROOT}/Pods/Target Support Files/Pods-codepath-1-movie-app/Pods-codepath-1-movie-app-resources.sh\"\n";
			showEnvVarsInLog = 0;
		};
/* End PBXShellScriptBuildPhase section */

/* Begin PBXSourcesBuildPhase section */
		10E874301E4061AC005B324F /* Sources */ = {
			isa = PBXSourcesBuildPhase;
			buildActionMask = 2147483647;
			files = (
				10E874381E4061AD005B324F /* AppDelegate.swift in Sources */,
				10E8744A1E4061CB005B324F /* MoviesViewController.swift in Sources */,
				10E8744C1E40688F005B324F /* MovieCell.swift in Sources */,
				102D2F041E48EA79004A2C8F /* DetailViewController.swift in Sources */,
			);
			runOnlyForDeploymentPostprocessing = 0;
		};
/* End PBXSourcesBuildPhase section */

/* Begin PBXVariantGroup section */
		10E8743B1E4061AD005B324F /* Main.storyboard */ = {
			isa = PBXVariantGroup;
			children = (
				10E8743C1E4061AD005B324F /* Base */,
			);
			name = Main.storyboard;
			sourceTree = "<group>";
		};
		10E874401E4061AD005B324F /* LaunchScreen.storyboard */ = {
			isa = PBXVariantGroup;
			children = (
				10E874411E4061AD005B324F /* Base */,
			);
			name = LaunchScreen.storyboard;
			sourceTree = "<group>";
		};
/* End PBXVariantGroup section */

/* Begin XCBuildConfiguration section */
		10E874441E4061AD005B324F /* Debug */ = {
			isa = XCBuildConfiguration;
			buildSettings = {
				ALWAYS_SEARCH_USER_PATHS = NO;
				CLANG_ANALYZER_NONNULL = YES;
				CLANG_CXX_LANGUAGE_STANDARD = "gnu++0x";
				CLANG_CXX_LIBRARY = "libc++";
				CLANG_ENABLE_MODULES = YES;
				CLANG_ENABLE_OBJC_ARC = YES;
				CLANG_WARN_BOOL_CONVERSION = YES;
				CLANG_WARN_CONSTANT_CONVERSION = YES;
				CLANG_WARN_DIRECT_OBJC_ISA_USAGE = YES_ERROR;
				CLANG_WARN_DOCUMENTATION_COMMENTS = YES;
				CLANG_WARN_EMPTY_BODY = YES;
				CLANG_WARN_ENUM_CONVERSION = YES;
				CLANG_WARN_INFINITE_RECURSION = YES;
				CLANG_WARN_INT_CONVERSION = YES;
				CLANG_WARN_OBJC_ROOT_CLASS = YES_ERROR;
				CLANG_WARN_SUSPICIOUS_MOVE = YES;
				CLANG_WARN_UNREACHABLE_CODE = YES;
				CLANG_WARN__DUPLICATE_METHOD_MATCH = YES;
				"CODE_SIGN_IDENTITY[sdk=iphoneos*]" = "iPhone Developer";
				COPY_PHASE_STRIP = NO;
				DEBUG_INFORMATION_FORMAT = dwarf;
				ENABLE_STRICT_OBJC_MSGSEND = YES;
				ENABLE_TESTABILITY = YES;
				GCC_C_LANGUAGE_STANDARD = gnu99;
				GCC_DYNAMIC_NO_PIC = NO;
				GCC_NO_COMMON_BLOCKS = YES;
				GCC_OPTIMIZATION_LEVEL = 0;
				GCC_PREPROCESSOR_DEFINITIONS = (
					"DEBUG=1",
					"$(inherited)",
				);
				GCC_WARN_64_TO_32_BIT_CONVERSION = YES;
				GCC_WARN_ABOUT_RETURN_TYPE = YES_ERROR;
				GCC_WARN_UNDECLARED_SELECTOR = YES;
				GCC_WARN_UNINITIALIZED_AUTOS = YES_AGGRESSIVE;
				GCC_WARN_UNUSED_FUNCTION = YES;
				GCC_WARN_UNUSED_VARIABLE = YES;
				IPHONEOS_DEPLOYMENT_TARGET = 10.2;
				MTL_ENABLE_DEBUG_INFO = YES;
				ONLY_ACTIVE_ARCH = YES;
				SDKROOT = iphoneos;
				SWIFT_ACTIVE_COMPILATION_CONDITIONS = DEBUG;
				SWIFT_OPTIMIZATION_LEVEL = "-Onone";
				TARGETED_DEVICE_FAMILY = "1,2";
			};
			name = Debug;
		};
		10E874451E4061AD005B324F /* Release */ = {
			isa = XCBuildConfiguration;
			buildSettings = {
				ALWAYS_SEARCH_USER_PATHS = NO;
				CLANG_ANALYZER_NONNULL = YES;
				CLANG_CXX_LANGUAGE_STANDARD = "gnu++0x";
				CLANG_CXX_LIBRARY = "libc++";
				CLANG_ENABLE_MODULES = YES;
				CLANG_ENABLE_OBJC_ARC = YES;
				CLANG_WARN_BOOL_CONVERSION = YES;
				CLANG_WARN_CONSTANT_CONVERSION = YES;
				CLANG_WARN_DIRECT_OBJC_ISA_USAGE = YES_ERROR;
				CLANG_WARN_DOCUMENTATION_COMMENTS = YES;
				CLANG_WARN_EMPTY_BODY = YES;
				CLANG_WARN_ENUM_CONVERSION = YES;
				CLANG_WARN_INFINITE_RECURSION = YES;
				CLANG_WARN_INT_CONVERSION = YES;
				CLANG_WARN_OBJC_ROOT_CLASS = YES_ERROR;
				CLANG_WARN_SUSPICIOUS_MOVE = YES;
				CLANG_WARN_UNREACHABLE_CODE = YES;
				CLANG_WARN__DUPLICATE_METHOD_MATCH = YES;
				"CODE_SIGN_IDENTITY[sdk=iphoneos*]" = "iPhone Developer";
				COPY_PHASE_STRIP = NO;
				DEBUG_INFORMATION_FORMAT = "dwarf-with-dsym";
				ENABLE_NS_ASSERTIONS = NO;
				ENABLE_STRICT_OBJC_MSGSEND = YES;
				GCC_C_LANGUAGE_STANDARD = gnu99;
				GCC_NO_COMMON_BLOCKS = YES;
				GCC_WARN_64_TO_32_BIT_CONVERSION = YES;
				GCC_WARN_ABOUT_RETURN_TYPE = YES_ERROR;
				GCC_WARN_UNDECLARED_SELECTOR = YES;
				GCC_WARN_UNINITIALIZED_AUTOS = YES_AGGRESSIVE;
				GCC_WARN_UNUSED_FUNCTION = YES;
				GCC_WARN_UNUSED_VARIABLE = YES;
				IPHONEOS_DEPLOYMENT_TARGET = 10.2;
				MTL_ENABLE_DEBUG_INFO = NO;
				SDKROOT = iphoneos;
				SWIFT_OPTIMIZATION_LEVEL = "-Owholemodule";
				TARGETED_DEVICE_FAMILY = "1,2";
				VALIDATE_PRODUCT = YES;
			};
			name = Release;
		};
		10E874471E4061AD005B324F /* Debug */ = {
			isa = XCBuildConfiguration;
			baseConfigurationReference = BF5F46E15ED5D02C360674E6 /* Pods-codepath-1-movie-app.debug.xcconfig */;
			buildSettings = {
				ASSETCATALOG_COMPILER_APPICON_NAME = AppIcon;
				INFOPLIST_FILE = "codepath-1-movie-app/Info.plist";
				LD_RUNPATH_SEARCH_PATHS = "$(inherited) @executable_path/Frameworks";
				PRODUCT_BUNDLE_IDENTIFIER = "dkc.codepath-1-movie-app";
				PRODUCT_NAME = "$(TARGET_NAME)";
				SWIFT_VERSION = 3.0;
			};
			name = Debug;
		};
		10E874481E4061AD005B324F /* Release */ = {
			isa = XCBuildConfiguration;
			baseConfigurationReference = F52929BF4182804D49BA56D6 /* Pods-codepath-1-movie-app.release.xcconfig */;
			buildSettings = {
				ASSETCATALOG_COMPILER_APPICON_NAME = AppIcon;
				INFOPLIST_FILE = "codepath-1-movie-app/Info.plist";
				LD_RUNPATH_SEARCH_PATHS = "$(inherited) @executable_path/Frameworks";
				PRODUCT_BUNDLE_IDENTIFIER = "dkc.codepath-1-movie-app";
				PRODUCT_NAME = "$(TARGET_NAME)";
				SWIFT_VERSION = 3.0;
			};
			name = Release;
		};
/* End XCBuildConfiguration section */

/* Begin XCConfigurationList section */
		10E8742F1E4061AC005B324F /* Build configuration list for PBXProject "codepath-1-movie-app" */ = {
			isa = XCConfigurationList;
			buildConfigurations = (
				10E874441E4061AD005B324F /* Debug */,
				10E874451E4061AD005B324F /* Release */,
			);
			defaultConfigurationIsVisible = 0;
			defaultConfigurationName = Release;
		};
		10E874461E4061AD005B324F /* Build configuration list for PBXNativeTarget "codepath-1-movie-app" */ = {
			isa = XCConfigurationList;
			buildConfigurations = (
				10E874471E4061AD005B324F /* Debug */,
				10E874481E4061AD005B324F /* Release */,
			);
			defaultConfigurationIsVisible = 0;
			defaultConfigurationName = Release;
		};
/* End XCConfigurationList section */
	};
	rootObject = 10E8742C1E4061AC005B324F /* Project object */;
}
